{
  "lockfileVersion": 1,
  "configVersion": 1,
  "workspaces": {
    "": {
      "name": "trawl",
      "dependencies": {
        "hono": "latest",
        "nanoid": "latest",
        "sqlite-vec": "latest",
      },
      "devDependencies": {
        "@types/node": "latest",
        "bun-types": "latest",
        "typescript": "latest",
      },
    },
  },
  "packages": {
    "@types/node": ["@types/node@25.5.0", "", { "dependencies": { "undici-types": "~7.18.0" } }, "sha512-jp2P3tQMSxWugkCUKLRPVUpGaL5MVFwF8RDuSRztfwgN1wmqJeMSbKlnEtQqU8UrhTmzEmZdu2I6v2dpp7XIxw=="],

    "bun-types": ["bun-types@1.3.11", "", { "dependencies": { "@types/node": "*" } }, "sha512-1KGPpoxQWl9f6wcZh57LvrPIInQMn2TQ7jsgxqpRzg+l0QPOFvJVH7HmvHo/AiPgwXy+/Thf6Ov3EdVn1vOabg=="],

    "hono": ["hono@4.12.9", "", {}, "sha512-wy3T8Zm2bsEvxKZM5w21VdHDDcwVS1yUFFY6i8UobSsKfFceT7TOwhbhfKsDyx7tYQlmRM5FLpIuYvNFyjctiA=="],

    "nanoid": ["nanoid@5.1.7", "", { "bin": { "nanoid": "bin/nanoid.js" } }, "sha512-ua3NDgISf6jdwezAheMOk4mbE1LXjm1DfMUDMuJf4AqxLFK3ccGpgWizwa5YV7Yz9EpXwEaWoRXSb/BnV0t5dQ=="],

    "sqlite-vec": ["sqlite-vec@0.1.7", "", { "optionalDependencies": { "sqlite-vec-darwin-arm64": "0.1.7", "sqlite-vec-darwin-x64": "0.1.7", "sqlite-vec-linux-arm64": "0.1.7", "sqlite-vec-linux-x64": "0.1.7", "sqlite-vec-windows-x64": "0.1.7" } }, "sha512-1Sge9uRc3B6wDKR4J6sGFi/E2ai9SAU5FenDki3OmhdP/a49PO2Juy1U5yQnx2bZP5t+C3BYJTkG+KkDi3q9Xg=="],

    "sqlite-vec-darwin-arm64": ["sqlite-vec-darwin-arm64@0.1.7", "", { "os": "darwin", "cpu": "arm64" }, "sha512-dQ7u4GKPdOPi3IfZ44K7HHdYup2JssM6fuKR9zgqRzW137uFOQmRhbYChNu+ZfW+yhJutsPgfNRFsuWKmy627w=="],

    "sqlite-vec-darwin-x64": ["sqlite-vec-darwin-x64@0.1.7", "", { "os": "darwin", "cpu": "x64" }, "sha512-MDoczft1BriQcGMEz+CqeSCkB0OsAf12ytZOapS6MaB7zgNzLLSLH6Sxe3yzcPWUyDuCWgK7WzyRIo8u1vAIVA=="],

    "sqlite-vec-linux-arm64": ["sqlite-vec-linux-arm64@0.1.7", "", { "os": "linux", "cpu": "arm64" }, "sha512-V429sYT/gwr9PgtT8rbjQd6ls7CFchFpiS45TKSf7rU7wxt9MBmCVorUcheD4kEZb4VeZ6PnFXXCqPMeaHkaUw=="],

    "sqlite-vec-linux-x64": ["sqlite-vec-linux-x64@0.1.7", "", { "os": "linux", "cpu": "x64" }, "sha512-wZL+lXeW7y63DLv6FYU6Q4nv2lP5F94cWt7bJCWNiHmZ6NdKIgz/p0QlyuJA/51b8TyoDvsTdusLVlZz9cIh5A=="],

    "sqlite-vec-windows-x64": ["sqlite-vec-windows-x64@0.1.7", "", { "os": "win32", "cpu": "x64" }, "sha512-FEZMjMT03irJxwqMQg+A+4hHCiFslxISOAkQ0eYn2lP7GdpppkgYveaT5Xnw/2V+GLq2MXOJb0nDGFNethHSkg=="],

    "typescript": ["typescript@6.0.2", "", { "bin": { "tsc": "bin/tsc", "tsserver": "bin/tsserver" } }, "sha512-bGdAIrZ0wiGDo5l8c++HWtbaNCWTS4UTv7RaTH/ThVIgjkveJt83m74bBHMJkuCbslY8ixgLBVZJIOiQlQTjfQ=="],

    "undici-types": ["undici-types@7.18.2", "", {}, "sha512-AsuCzffGHJybSaRrmr5eHr81mwJU3kjw6M+uprWvCXiNeN9SOGwQ3Jn8jb8m3Z6izVgknn1R0FTCEAP2QrLY/w=="],
  }
}
